<?xml version="1.0" encoding="utf-8"?>
<Project ToolsVersion="4.0" xmlns="http://schemas.microsoft.com/developer/msbuild/2003">
  <ItemGroup>
    <Filter Include="Source Files">
      <UniqueIdentifier>{9bdf57a8-229f-4e12-84a9-c2db3045bad2}</UniqueIdentifier>
      <Extensions>cpp;c;cxx;rc;def;r;odl;idl;hpj;bat</Extensions>
    </Filter>
    <Filter Include="Header Files">
      <UniqueIdentifier>{31b6f8a4-81a4-4b5b-b2bb-03a7ecbb7c63}</UniqueIdentifier>
      <Extensions>h;hpp;hxx;hm;inl</Extensions>
    </Filter>
    <Filter Include="Resource Files">
      <UniqueIdentifier>{c46e4e75-534a-4ceb-9580-152426511634}</UniqueIdentifier>
      <Extensions>ico;cur;bmp;dlg;rc2;rct;bin;rgs;gif;jpg;jpeg;jpe</Extensions>
    </Filter>
  </ItemGroup>
  <ItemGroup>
    <ClCompile Include="src\xtrace.cpp">
      <Filter>Source Files</Filter>
    </ClCompile>
    <ClCompile Include="src\slre.c">
      <Filter>Source Files</Filter>
    </ClCompile>
    <ClCompile Include="src\ihuddraw.cpp">
      <Filter>Source Files</Filter>
    </ClCompile>
    <ClCompile Include="src\gamex86.cpp">
      <Filter>Source Files</Filter>
    </ClCompile>
    <ClCompile Include="src\misc.cpp">
      <Filter>Source Files</Filter>
    </ClCompile>
  </ItemGroup>
  <ItemGroup>
    <ClInclude Include="src\detours.h">
      <Filter>Header Files</Filter>
    </ClInclude>
    <ClInclude Include="src\misc.h">
      <Filter>Header Files</Filter>
    </ClInclude>
    <ClInclude Include="src\xtrace.h">
      <Filter>Header Files</Filter>
    </ClInclude>
    <ClInclude Include="src\slre.h">
      <Filter>Header Files</Filter>
    </ClInclude>
    <ClInclude Include="src\ihuddraw.h">
      <Filter>Header Files</Filter>
    </ClInclude>
    <ClInclude Include="src\gamex86.h">
      <Filter>Header Files</Filter>
    </ClInclude>
  </ItemGroup>
  <ItemGroup>
    <None Include="src\dgamex86.def">
      <Filter>Source Files</Filter>
    </None>
  </ItemGroup>
</Project>