<?xml version="1.0" encoding="utf-8"?>
<Project ToolsVersion="4.0" xmlns="http://schemas.microsoft.com/developer/msbuild/2003">
  <ItemGroup>
    <Filter Include="Source Files">
      <UniqueIdentifier>{9bdf57a8-229f-4e12-84a9-c2db3045bad2}</UniqueIdentifier>
      <Extensions>cpp;c;cxx;rc;def;r;odl;idl;hpj;bat</Extensions>
    </Filter>
    <Filter Include="Header Files">
      <UniqueIdentifier>{31b6f8a4-81a4-4b5b-b2bb-03a7ecbb7c63}</UniqueIdentifier>
      <Extensions>h;hpp;hxx;hm;inl</Extensions>
    </Filter>
    <Filter Include="Resource Files">
      <UniqueIdentifier>{c46e4e75-534a-4ceb-9580-152426511634}</UniqueIdentifier>
      <Extensions>ico;cur;bmp;dlg;rc2;rct;bin;rgs;gif;jpg;jpeg;jpe</Extensions>
    </Filter>
  </ItemGroup>
  <ItemGroup>
    <ClCompile Include="src\xtrace.cpp">
      <Filter>Source Files</Filter>
    </ClCompile>
    <ClCompile Include="src\slre.c">
      <Filter>Source Files</Filter>
    </ClCompile>
    <ClCompile Include="src\ihuddraw.cpp">
      <Filter>Source Files</Filter>
    </ClCompile>
    <ClCompile Include="src\gamex86.cpp">
      <Filter>Source Files</Filter>
    </ClCompile>
    <ClCompile Include="src\misc.cpp">
      <Filter>Source Files</Filter>
    </ClCompile>
    <ClCompile Include="src\ScriptVariable.cpp">
      <Filter>Source Files</Filter>
    </ClCompile>
    <ClCompile Include="src\str.cpp">
      <Filter>Source Files</Filter>
    </ClCompile>
    <ClCompile Include="src\qcommon.cpp">
      <Filter>Source Files</Filter>
    </ClCompile>
    <ClCompile Include="src\Event.cpp">
      <Filter>Source Files</Filter>
    </ClCompile>
    <ClCompile Include="src\ClassDef.cpp">
      <Filter>Source Files</Filter>
    </ClCompile>
    <ClCompile Include="src\Class.cpp">
      <Filter>Source Files</Filter>
    </ClCompile>
    <ClCompile Include="src\Player.cpp">
      <Filter>Source Files</Filter>
    </ClCompile>
    <ClCompile Include="src\con_set.cpp">
      <Filter>Source Files</Filter>
    </ClCompile>
    <ClCompile Include="src\ScriptThread.cpp">
      <Filter>Source Files</Filter>
    </ClCompile>
    <ClCompile Include="src\CustomEventResponseSet.cpp">
      <Filter>Source Files</Filter>
    </ClCompile>
    <ClCompile Include="src\g_misc.cpp">
      <Filter>Source Files</Filter>
    </ClCompile>
    <ClCompile Include="src\Director.cpp">
      <Filter>Source Files</Filter>
    </ClCompile>
    <ClCompile Include="src\Listener.cpp">
      <Filter>Source Files</Filter>
    </ClCompile>
    <ClCompile Include="src\SimpleEntity.cpp">
      <Filter>Source Files</Filter>
    </ClCompile>
    <ClCompile Include="src\Entity.cpp">
      <Filter>Source Files</Filter>
    </ClCompile>
    <ClCompile Include="src\Animate.cpp">
      <Filter>Source Files</Filter>
    </ClCompile>
    <ClCompile Include="src\Sentient.cpp">
      <Filter>Source Files</Filter>
    </ClCompile>
  </ItemGroup>
  <ItemGroup>
    <ClInclude Include="src\misc.h">
      <Filter>Header Files</Filter>
    </ClInclude>
    <ClInclude Include="src\xtrace.h">
      <Filter>Header Files</Filter>
    </ClInclude>
    <ClInclude Include="src\slre.h">
      <Filter>Header Files</Filter>
    </ClInclude>
    <ClInclude Include="src\ihuddraw.h">
      <Filter>Header Files</Filter>
    </ClInclude>
    <ClInclude Include="src\gamex86.h">
      <Filter>Header Files</Filter>
    </ClInclude>
    <ClInclude Include="src\ScriptVariable.h">
      <Filter>Header Files</Filter>
    </ClInclude>
    <ClInclude Include="src\short3.h">
      <Filter>Header Files</Filter>
    </ClInclude>
    <ClInclude Include="src\str.h">
      <Filter>Header Files</Filter>
    </ClInclude>
    <ClInclude Include="src\vector.h">
      <Filter>Header Files</Filter>
    </ClInclude>
    <ClInclude Include="src\qcommon.h">
      <Filter>Header Files</Filter>
    </ClInclude>
    <ClInclude Include="src\Event.h">
      <Filter>Header Files</Filter>
    </ClInclude>
    <ClInclude Include="src\ClassDef.h">
      <Filter>Header Files</Filter>
    </ClInclude>
    <ClInclude Include="src\Class.h">
      <Filter>Header Files</Filter>
    </ClInclude>
    <ClInclude Include="src\Player.h">
      <Filter>Header Files</Filter>
    </ClInclude>
    <ClInclude Include="src\mem_blockalloc.h">
      <Filter>Header Files</Filter>
    </ClInclude>
    <ClInclude Include="src\Linklist.h">
      <Filter>Header Files</Filter>
    </ClInclude>
    <ClInclude Include="src\dbgheap.h">
      <Filter>Header Files</Filter>
    </ClInclude>
    <ClInclude Include="src\ScriptThread.h">
      <Filter>Header Files</Filter>
    </ClInclude>
    <ClInclude Include="src\CustomEventResponseSet.h">
      <Filter>Header Files</Filter>
    </ClInclude>
    <ClInclude Include="src\g_misc.h">
      <Filter>Header Files</Filter>
    </ClInclude>
    <ClInclude Include="src\Director.h">
      <Filter>Header Files</Filter>
    </ClInclude>
    <ClInclude Include="src\con_arrayset.h">
      <Filter>Header Files</Filter>
    </ClInclude>
    <ClInclude Include="src\Listener.h">
      <Filter>Header Files</Filter>
    </ClInclude>
    <ClInclude Include="src\SimpleEntity.h">
      <Filter>Header Files</Filter>
    </ClInclude>
    <ClInclude Include="src\Entity.h">
      <Filter>Header Files</Filter>
    </ClInclude>
    <ClInclude Include="src\safeptr.h">
      <Filter>Header Files</Filter>
    </ClInclude>
    <ClInclude Include="src\Animate.h">
      <Filter>Header Files</Filter>
    </ClInclude>
    <ClInclude Include="src\Sentient.h">
      <Filter>Header Files</Filter>
    </ClInclude>
  </ItemGroup>
  <ItemGroup>
    <None Include="src\dgamex86.def">
      <Filter>Source Files</Filter>
    </None>
  </ItemGroup>
</Project>