<?xml version="1.0" encoding="utf-8"?>
<Project ToolsVersion="4.0" xmlns="http://schemas.microsoft.com/developer/msbuild/2003">
  <ItemGroup>
    <Filter Include="Source Files">
      <UniqueIdentifier>{9bdf57a8-229f-4e12-84a9-c2db3045bad2}</UniqueIdentifier>
      <Extensions>cpp;c;cxx;rc;def;r;odl;idl;hpj;bat</Extensions>
    </Filter>
    <Filter Include="Header Files">
      <UniqueIdentifier>{31b6f8a4-81a4-4b5b-b2bb-03a7ecbb7c63}</UniqueIdentifier>
      <Extensions>h;hpp;hxx;hm;inl</Extensions>
    </Filter>
    <Filter Include="Resource Files">
      <UniqueIdentifier>{c46e4e75-534a-4ceb-9580-152426511634}</UniqueIdentifier>
      <Extensions>ico;cur;bmp;dlg;rc2;rct;bin;rgs;gif;jpg;jpeg;jpe</Extensions>
    </Filter>
    <Filter Include="Source Files\civetweb">
      <UniqueIdentifier>{a43a0947-46d0-4581-9b66-fd1d477f1f89}</UniqueIdentifier>
    </Filter>
    <Filter Include="Header Files\civetweb">
      <UniqueIdentifier>{c17c16cc-5e4d-4636-bd6b-2f10b5a725d4}</UniqueIdentifier>
    </Filter>
  </ItemGroup>
  <ItemGroup>
    <ClCompile Include="src\dgamex86.cpp">
      <Filter>Source Files</Filter>
    </ClCompile>
    <ClCompile Include="src\qcommon.cpp">
      <Filter>Source Files</Filter>
    </ClCompile>
    <ClCompile Include="src\str.cpp">
      <Filter>Source Files</Filter>
    </ClCompile>
    <ClCompile Include="src\Animate.cpp">
      <Filter>Source Files</Filter>
    </ClCompile>
    <ClCompile Include="src\Class.cpp">
      <Filter>Source Files</Filter>
    </ClCompile>
    <ClCompile Include="src\ClassDef.cpp">
      <Filter>Source Files</Filter>
    </ClCompile>
    <ClCompile Include="src\CustomEventResponseSet.cpp">
      <Filter>Source Files</Filter>
    </ClCompile>
    <ClCompile Include="src\Director.cpp">
      <Filter>Source Files</Filter>
    </ClCompile>
    <ClCompile Include="src\DM_Team.cpp">
      <Filter>Source Files</Filter>
    </ClCompile>
    <ClCompile Include="src\Entity.cpp">
      <Filter>Source Files</Filter>
    </ClCompile>
    <ClCompile Include="src\g_misc.cpp">
      <Filter>Source Files</Filter>
    </ClCompile>
    <ClCompile Include="src\ihuddraw.cpp">
      <Filter>Source Files</Filter>
    </ClCompile>
    <ClCompile Include="src\Listener.cpp">
      <Filter>Source Files</Filter>
    </ClCompile>
    <ClCompile Include="src\Memory.cpp">
      <Filter>Source Files</Filter>
    </ClCompile>
    <ClCompile Include="src\Player.cpp">
      <Filter>Source Files</Filter>
    </ClCompile>
    <ClCompile Include="src\PlayerMisc.cpp">
      <Filter>Source Files</Filter>
    </ClCompile>
    <ClCompile Include="src\ScriptedEvent.cpp">
      <Filter>Source Files</Filter>
    </ClCompile>
    <ClCompile Include="src\ScriptThreadFileSystem.cpp">
      <Filter>Source Files</Filter>
    </ClCompile>
    <ClCompile Include="src\ScriptThreadiHudDraw.cpp">
      <Filter>Source Files</Filter>
    </ClCompile>
    <ClCompile Include="src\ScriptThreadMaths.cpp">
      <Filter>Source Files</Filter>
    </ClCompile>
    <ClCompile Include="src\ScriptThreadMisc.cpp">
      <Filter>Source Files</Filter>
    </ClCompile>
    <ClCompile Include="src\ScriptThreadScriptedEvents.cpp">
      <Filter>Source Files</Filter>
    </ClCompile>
    <ClCompile Include="src\ScriptVariable.cpp">
      <Filter>Source Files</Filter>
    </ClCompile>
    <ClCompile Include="src\Sentient.cpp">
      <Filter>Source Files</Filter>
    </ClCompile>
    <ClCompile Include="src\SimpleEntity.cpp">
      <Filter>Source Files</Filter>
    </ClCompile>
    <ClCompile Include="src\xtrace.cpp">
      <Filter>Source Files</Filter>
    </ClCompile>
    <ClCompile Include="src\Event.cpp">
      <Filter>Source Files</Filter>
    </ClCompile>
    <ClCompile Include="src\ScriptThread.cpp">
      <Filter>Source Files</Filter>
    </ClCompile>
    <ClCompile Include="src\CustomCvar.cpp">
      <Filter>Source Files</Filter>
    </ClCompile>
    <ClCompile Include="src\ClientAdmin.cpp">
      <Filter>Source Files</Filter>
    </ClCompile>
    <ClCompile Include="src\PlayerClientCommands.cpp">
      <Filter>Source Files</Filter>
    </ClCompile>
    <ClCompile Include="src\sv_misc.cpp">
      <Filter>Source Files</Filter>
    </ClCompile>
    <ClCompile Include="src\IPFilter.cpp">
      <Filter>Source Files</Filter>
    </ClCompile>
    <ClCompile Include="src\NameFilter.cpp">
      <Filter>Source Files</Filter>
    </ClCompile>
    <ClCompile Include="src\ChatFilter.cpp">
      <Filter>Source Files</Filter>
    </ClCompile>
    <ClCompile Include="src\sv_commands.cpp">
      <Filter>Source Files</Filter>
    </ClCompile>
    <ClCompile Include="src\HTTPServer.cpp">
      <Filter>Source Files</Filter>
    </ClCompile>
    <ClCompile Include="libs\civetweb\src\CivetServer.cpp">
      <Filter>Source Files\civetweb</Filter>
    </ClCompile>
    <ClCompile Include="libs\civetweb\src\civetweb.c">
      <Filter>Source Files\civetweb</Filter>
    </ClCompile>
    <ClCompile Include="src\ScriptThreadAPIServer.cpp">
      <Filter>Source Files</Filter>
    </ClCompile>
    <ClCompile Include="src\ScriptException.cpp">
      <Filter>Source Files</Filter>
    </ClCompile>
    <ClCompile Include="src\ScriptThreadAPIClient.cpp">
      <Filter>Source Files</Filter>
    </ClCompile>
    <ClCompile Include="src\HTTPClient.cpp">
      <Filter>Source Files</Filter>
    </ClCompile>
    <ClCompile Include="src\g_json.cpp">
      <Filter>Source Files</Filter>
    </ClCompile>
    <ClCompile Include="src\UpdateClient.cpp">
      <Filter>Source Files</Filter>
    </ClCompile>
    <ClCompile Include="src\PlayerAdminCommands.cpp">
      <Filter>Source Files</Filter>
    </ClCompile>
    <ClCompile Include="src\ClientFilter.cpp">
      <Filter>Source Files</Filter>
    </ClCompile>
    <ClCompile Include="src\AddressManager.cpp">
      <Filter>Source Files</Filter>
    </ClCompile>
    <ClCompile Include="src\Trigger.cpp">
      <Filter>Source Files</Filter>
    </ClCompile>
    <ClCompile Include="src\Item.cpp">
      <Filter>Source Files</Filter>
    </ClCompile>
    <ClCompile Include="src\Weapon.cpp">
      <Filter>Source Files</Filter>
    </ClCompile>
    <ClCompile Include="src\AddressDefinitions.cpp">
      <Filter>Source Files</Filter>
    </ClCompile>
    <ClCompile Include="src\nf_misc.cpp">
      <Filter>Source Files</Filter>
    </ClCompile>
  </ItemGroup>
  <ItemGroup>
    <ClInclude Include="src\qcommon.h">
      <Filter>Header Files</Filter>
    </ClInclude>
    <ClInclude Include="src\str.h">
      <Filter>Header Files</Filter>
    </ClInclude>
    <ClInclude Include="src\vector.h">
      <Filter>Header Files</Filter>
    </ClInclude>
    <ClInclude Include="src\Version.h">
      <Filter>Header Files</Filter>
    </ClInclude>
    <ClInclude Include="src\ClassDef.h">
      <Filter>Header Files</Filter>
    </ClInclude>
    <ClInclude Include="src\CustomEventResponseSet.h">
      <Filter>Header Files</Filter>
    </ClInclude>
    <ClInclude Include="src\dbgheap.h">
      <Filter>Header Files</Filter>
    </ClInclude>
    <ClInclude Include="src\Director.h">
      <Filter>Header Files</Filter>
    </ClInclude>
    <ClInclude Include="src\DM_Team.h">
      <Filter>Header Files</Filter>
    </ClInclude>
    <ClInclude Include="src\Event.h">
      <Filter>Header Files</Filter>
    </ClInclude>
    <ClInclude Include="src\g_misc.h">
      <Filter>Header Files</Filter>
    </ClInclude>
    <ClInclude Include="src\ihuddraw.h">
      <Filter>Header Files</Filter>
    </ClInclude>
    <ClInclude Include="src\Player.h">
      <Filter>Header Files</Filter>
    </ClInclude>
    <ClInclude Include="src\ScriptedEvent.h">
      <Filter>Header Files</Filter>
    </ClInclude>
    <ClInclude Include="src\ScriptThread.h">
      <Filter>Header Files</Filter>
    </ClInclude>
    <ClInclude Include="src\ScriptVariable.h">
      <Filter>Header Files</Filter>
    </ClInclude>
    <ClInclude Include="src\short3.h">
      <Filter>Header Files</Filter>
    </ClInclude>
    <ClInclude Include="src\xtrace.h">
      <Filter>Header Files</Filter>
    </ClInclude>
    <ClInclude Include="src\CustomCvar.h">
      <Filter>Header Files</Filter>
    </ClInclude>
    <ClInclude Include="src\ClientAdmin.h">
      <Filter>Header Files</Filter>
    </ClInclude>
    <ClInclude Include="src\sv_misc.h">
      <Filter>Header Files</Filter>
    </ClInclude>
    <ClInclude Include="src\IPFilter.h">
      <Filter>Header Files</Filter>
    </ClInclude>
    <ClInclude Include="src\NameFilter.h">
      <Filter>Header Files</Filter>
    </ClInclude>
    <ClInclude Include="src\ChatFilter.h">
      <Filter>Header Files</Filter>
    </ClInclude>
    <ClInclude Include="src\sv_commands.h">
      <Filter>Header Files</Filter>
    </ClInclude>
    <ClInclude Include="src\HTTPServer.h">
      <Filter>Header Files</Filter>
    </ClInclude>
    <ClInclude Include="libs\civetweb\include\CivetServer.h">
      <Filter>Header Files\civetweb</Filter>
    </ClInclude>
    <ClInclude Include="libs\civetweb\include\civetweb.h">
      <Filter>Header Files\civetweb</Filter>
    </ClInclude>
    <ClInclude Include="src\ScriptException.h">
      <Filter>Header Files</Filter>
    </ClInclude>
    <ClInclude Include="src\HTTPClient.h">
      <Filter>Header Files</Filter>
    </ClInclude>
    <ClInclude Include="src\g_json.h">
      <Filter>Header Files</Filter>
    </ClInclude>
    <ClInclude Include="src\UpdateClient.h">
      <Filter>Header Files</Filter>
    </ClInclude>
    <ClInclude Include="src\ClientFilter.h">
      <Filter>Header Files</Filter>
    </ClInclude>
    <ClInclude Include="src\AddressDefinitions.h">
      <Filter>Header Files</Filter>
    </ClInclude>
  </ItemGroup>
  <ItemGroup>
    <None Include="libs\civetweb\src\handle_form.inl">
      <Filter>Source Files\civetweb</Filter>
    </None>
    <None Include="libs\civetweb\src\md5.inl">
      <Filter>Source Files\civetweb</Filter>
    </None>
    <None Include="libs\civetweb\src\sha1.inl">
      <Filter>Source Files\civetweb</Filter>
    </None>
    <None Include="libs\civetweb\src\timer.inl">
      <Filter>Source Files\civetweb</Filter>
    </None>
  </ItemGroup>
</Project>